
Microsoft Visual Studio Solution File, Format Version 12.00
# Visual Studio Version 17
VisualStudioVersion = 17.14.36212.18
MinimumVisualStudioVersion = 10.0.40219.1
Project("{2150E333-8FDC-42A3-9474-1A3956D46DE8}") = "Docs", "Docs", "{6C83A596-D32D-B35F-00DD-F0C99B673980}"
	ProjectSection(SolutionItems) = preProject
		Documentazione WPF (Piraccini , Sacchetti , Libasci).txt = Documentazione WPF (Piraccini , Sacchetti , Libasci).txt
	EndProjectSection
EndProject
Project("{2150E333-8FDC-42A3-9474-1A3956D46DE8}") = "Src", "Src", "{56D8FD9E-6CCF-4270-9503-41CFB63800BE}"
EndProject
Project("{2150E333-8FDC-42A3-9474-1A3956D46DE8}") = "Test", "Test", "{2A109B09-70BF-4355-8A97-15112082DCF3}"
EndProject
Project("{FAE04EC0-301F-11D3-BF4B-00C04F79EFBC}") = "BlaisePascal.ProjectWork.3E.Console", "BlaisePascal.ProjectWork.3E.Console\BlaisePascal.ProjectWork.3E.Console.csproj", "{70E950E0-B167-4CC3-800A-C59D9FFBB5E3}"
EndProject
Project("{FAE04EC0-301F-11D3-BF4B-00C04F79EFBC}") = "BlaisePascal.ProjectWork.3E.Domain", "BlaisePascal.ProjectWork.3E.Domain\BlaisePascal.ProjectWork.3E.Domain.csproj", "{4E14CAB2-DF41-4941-A9F2-CF4B729B7A27}"
EndProject
Project("{FAE04EC0-301F-11D3-BF4B-00C04F79EFBC}") = "BlaisePascal.ProjectWork.3E.UnitTest", "BlaisePascal.ProjectWork.3E.UnitTest\BlaisePascal.ProjectWork.3E.UnitTest.csproj", "{5AC0C1A7-B7C3-4ECC-95A7-C15E93C7D586}"
EndProject
Project("{FAE04EC0-301F-11D3-BF4B-00C04F79EFBC}") = "BlaisePascal.ProjectWork.3E.Application", "BlaisePascal.ProjectWork.3E.Application\BlaisePascal.ProjectWork.3E.Application.csproj", "{84AA3929-7F8F-40F8-8674-FEAA39C351D0}"
EndProject
Project("{FAE04EC0-301F-11D3-BF4B-00C04F79EFBC}") = "BlaisePascal.ProjectWork.3E.Infrastructure", "BlaisePascal.ProjectWork.3E.Infrastructure\BlaisePascal.ProjectWork.3E.Infrastructure.csproj", "{D128907F-594E-4319-8D85-4BA462424BC0}"
EndProject
Project("{FAE04EC0-301F-11D3-BF4B-00C04F79EFBC}") = "BlaisePascal.ProjectWork3E.Wpf", "BlaisePascal.ProjectWork3E.Wpf\BlaisePascal.ProjectWork3E.Wpf.csproj", "{059247F3-C7CD-4D1A-B1AD-AD639CE0E32B}"
EndProject
Project("{FAE04EC0-301F-11D3-BF4B-00C04F79EFBC}") = "Blaise.Pascal.ProjectWork.3E.ImportazioneDati", "Blaise.Pascal.ProjectWork.3E.ImportazioneDati\Blaise.Pascal.ProjectWork.3E.ImportazioneDati.csproj", "{AD2F0640-CF20-4DD1-9576-672D5413CBDC}"
EndProject
Project("{FAE04EC0-301F-11D3-BF4B-00C04F79EFBC}") = "Blaise.Pascal.ProjectWork.3E.EsportazioneDati", "Blaise.Pascal.ProjectWork.3E.EsportazioneDati\Blaise.Pascal.ProjectWork.3E.EsportazioneDati.csproj", "{858486FC-2DA1-422C-92B1-052E6108F1F1}"
EndProject
Global
	GlobalSection(SolutionConfigurationPlatforms) = preSolution
		Debug|Any CPU = Debug|Any CPU
		Release|Any CPU = Release|Any CPU
	EndGlobalSection
	GlobalSection(ProjectConfigurationPlatforms) = postSolution
		{70E950E0-B167-4CC3-800A-C59D9FFBB5E3}.Debug|Any CPU.ActiveCfg = Debug|Any CPU
		{70E950E0-B167-4CC3-800A-C59D9FFBB5E3}.Debug|Any CPU.Build.0 = Debug|Any CPU
		{70E950E0-B167-4CC3-800A-C59D9FFBB5E3}.Release|Any CPU.ActiveCfg = Release|Any CPU
		{70E950E0-B167-4CC3-800A-C59D9FFBB5E3}.Release|Any CPU.Build.0 = Release|Any CPU
		{4E14CAB2-DF41-4941-A9F2-CF4B729B7A27}.Debug|Any CPU.ActiveCfg = Debug|Any CPU
		{4E14CAB2-DF41-4941-A9F2-CF4B729B7A27}.Debug|Any CPU.Build.0 = Debug|Any CPU
		{4E14CAB2-DF41-4941-A9F2-CF4B729B7A27}.Release|Any CPU.ActiveCfg = Release|Any CPU
		{4E14CAB2-DF41-4941-A9F2-CF4B729B7A27}.Release|Any CPU.Build.0 = Release|Any CPU
		{5AC0C1A7-B7C3-4ECC-95A7-C15E93C7D586}.Debug|Any CPU.ActiveCfg = Debug|Any CPU
		{5AC0C1A7-B7C3-4ECC-95A7-C15E93C7D586}.Debug|Any CPU.Build.0 = Debug|Any CPU
		{5AC0C1A7-B7C3-4ECC-95A7-C15E93C7D586}.Release|Any CPU.ActiveCfg = Release|Any CPU
		{5AC0C1A7-B7C3-4ECC-95A7-C15E93C7D586}.Release|Any CPU.Build.0 = Release|Any CPU
		{84AA3929-7F8F-40F8-8674-FEAA39C351D0}.Debug|Any CPU.ActiveCfg = Debug|Any CPU
		{84AA3929-7F8F-40F8-8674-FEAA39C351D0}.Debug|Any CPU.Build.0 = Debug|Any CPU
		{84AA3929-7F8F-40F8-8674-FEAA39C351D0}.Release|Any CPU.ActiveCfg = Release|Any CPU
		{84AA3929-7F8F-40F8-8674-FEAA39C351D0}.Release|Any CPU.Build.0 = Release|Any CPU
		{D128907F-594E-4319-8D85-4BA462424BC0}.Debug|Any CPU.ActiveCfg = Debug|Any CPU
		{D128907F-594E-4319-8D85-4BA462424BC0}.Debug|Any CPU.Build.0 = Debug|Any CPU
		{D128907F-594E-4319-8D85-4BA462424BC0}.Release|Any CPU.ActiveCfg = Release|Any CPU
		{D128907F-594E-4319-8D85-4BA462424BC0}.Release|Any CPU.Build.0 = Release|Any CPU
		{059247F3-C7CD-4D1A-B1AD-AD639CE0E32B}.Debug|Any CPU.ActiveCfg = Debug|Any CPU
		{059247F3-C7CD-4D1A-B1AD-AD639CE0E32B}.Debug|Any CPU.Build.0 = Debug|Any CPU
		{059247F3-C7CD-4D1A-B1AD-AD639CE0E32B}.Release|Any CPU.ActiveCfg = Release|Any CPU
		{059247F3-C7CD-4D1A-B1AD-AD639CE0E32B}.Release|Any CPU.Build.0 = Release|Any CPU
		{AD2F0640-CF20-4DD1-9576-672D5413CBDC}.Debug|Any CPU.ActiveCfg = Debug|Any CPU
		{AD2F0640-CF20-4DD1-9576-672D5413CBDC}.Debug|Any CPU.Build.0 = Debug|Any CPU
		{AD2F0640-CF20-4DD1-9576-672D5413CBDC}.Release|Any CPU.ActiveCfg = Release|Any CPU
		{AD2F0640-CF20-4DD1-9576-672D5413CBDC}.Release|Any CPU.Build.0 = Release|Any CPU
		{858486FC-2DA1-422C-92B1-052E6108F1F1}.Debug|Any CPU.ActiveCfg = Debug|Any CPU
		{858486FC-2DA1-422C-92B1-052E6108F1F1}.Debug|Any CPU.Build.0 = Debug|Any CPU
		{858486FC-2DA1-422C-92B1-052E6108F1F1}.Release|Any CPU.ActiveCfg = Release|Any CPU
		{858486FC-2DA1-422C-92B1-052E6108F1F1}.Release|Any CPU.Build.0 = Release|Any CPU
	EndGlobalSection
	GlobalSection(SolutionProperties) = preSolution
		HideSolutionNode = FALSE
	EndGlobalSection
	GlobalSection(NestedProjects) = preSolution
		{70E950E0-B167-4CC3-800A-C59D9FFBB5E3} = {56D8FD9E-6CCF-4270-9503-41CFB63800BE}
		{4E14CAB2-DF41-4941-A9F2-CF4B729B7A27} = {56D8FD9E-6CCF-4270-9503-41CFB63800BE}
		{5AC0C1A7-B7C3-4ECC-95A7-C15E93C7D586} = {2A109B09-70BF-4355-8A97-15112082DCF3}
		{84AA3929-7F8F-40F8-8674-FEAA39C351D0} = {56D8FD9E-6CCF-4270-9503-41CFB63800BE}
		{D128907F-594E-4319-8D85-4BA462424BC0} = {56D8FD9E-6CCF-4270-9503-41CFB63800BE}
		{858486FC-2DA1-422C-92B1-052E6108F1F1} = {56D8FD9E-6CCF-4270-9503-41CFB63800BE}
	EndGlobalSection
	GlobalSection(ExtensibilityGlobals) = postSolution
		SolutionGuid = {F2C3A250-4072-4C3C-AA2C-F9C93DF1D602}
	EndGlobalSection
EndGlobal
